
Microsoft Visual Studio Solution File, Format Version 12.00
# Visual Studio Version 17
VisualStudioVersion = 17.5.002.0
MinimumVisualStudioVersion = 10.0.40219.1
Project("{9A19103F-16F7-4668-BE54-9A1E7A4F7556}") = "minimals-api", "minimals-api.csproj", "{03A1707A-4A32-442D-A6CC-D1803629E2BC}"
EndProject
Global
	GlobalSection(SolutionConfigurationPlatforms) = preSolution
		Debug|Any CPU = Debug|Any CPU
		Release|Any CPU = Release|Any CPU
	EndGlobalSection
	GlobalSection(ProjectConfigurationPlatforms) = postSolution
		{03A1707A-4A32-442D-A6CC-D1803629E2BC}.Debug|Any CPU.ActiveCfg = Debug|Any CPU
		{03A1707A-4A32-442D-A6CC-D1803629E2BC}.Debug|Any CPU.Build.0 = Debug|Any CPU
		{03A1707A-4A32-442D-A6CC-D1803629E2BC}.Release|Any CPU.ActiveCfg = Release|Any CPU
		{03A1707A-4A32-442D-A6CC-D1803629E2BC}.Release|Any CPU.Build.0 = Release|Any CPU
	EndGlobalSection
	GlobalSection(SolutionProperties) = preSolution
		HideSolutionNode = FALSE
	EndGlobalSection
	GlobalSection(ExtensibilityGlobals) = postSolution
		SolutionGuid = {413C57E9-459F-4A29-914C-A83307663BDD}
	EndGlobalSection
EndGlobal
