
Microsoft Visual Studio Solution File, Format Version 12.00
# Visual Studio Version 17
VisualStudioVersion = 17.0.31903.59
MinimumVisualStudioVersion = 10.0.40219.1
Project("{FAE04EC0-301F-11D3-BF4B-00C04F79EFBC}") = "minimals-api", "Api\minimals-api.csproj", "{6B66B40C-D6FF-482B-87B6-C747EAB6C04B}"
EndProject
Project("{FAE04EC0-301F-11D3-BF4B-00C04F79EFBC}") = "Test", "Test\Test.csproj", "{0F8B02AC-6854-481A-9EAE-D55A937C6E96}"
EndProject
Global
	GlobalSection(SolutionConfigurationPlatforms) = preSolution
		Debug|Any CPU = Debug|Any CPU
		Release|Any CPU = Release|Any CPU
	EndGlobalSection
	GlobalSection(SolutionProperties) = preSolution
		HideSolutionNode = FALSE
	EndGlobalSection
	GlobalSection(ProjectConfigurationPlatforms) = postSolution
		{6B66B40C-D6FF-482B-87B6-C747EAB6C04B}.Debug|Any CPU.ActiveCfg = Debug|Any CPU
		{6B66B40C-D6FF-482B-87B6-C747EAB6C04B}.Debug|Any CPU.Build.0 = Debug|Any CPU
		{6B66B40C-D6FF-482B-87B6-C747EAB6C04B}.Release|Any CPU.ActiveCfg = Release|Any CPU
		{6B66B40C-D6FF-482B-87B6-C747EAB6C04B}.Release|Any CPU.Build.0 = Release|Any CPU
		{0F8B02AC-6854-481A-9EAE-D55A937C6E96}.Debug|Any CPU.ActiveCfg = Debug|Any CPU
		{0F8B02AC-6854-481A-9EAE-D55A937C6E96}.Debug|Any CPU.Build.0 = Debug|Any CPU
		{0F8B02AC-6854-481A-9EAE-D55A937C6E96}.Release|Any CPU.ActiveCfg = Release|Any CPU
		{0F8B02AC-6854-481A-9EAE-D55A937C6E96}.Release|Any CPU.Build.0 = Release|Any CPU
	EndGlobalSection
EndGlobal
